{
  "nodes": {
    "adw-colors": {
      "flake": false,
      "locked": {
        "lastModified": 1773587672,
        "narHash": "sha256-WCG662t3EWk6FFJxm4rmz7h/d10il4YUvLKeTBK+Tvs=",
        "owner": "lassekongo83",
        "repo": "adw-colors",
        "rev": "389dff2e6ae48438693473c97f0aac6a2fc019cf",
        "type": "github"
      },
      "original": {
        "owner": "lassekongo83",
        "ref": "main",
        "repo": "adw-colors",
        "type": "github"
      }
    },
    "breeze": {
      "flake": false,
      "locked": {
        "lastModified": 1785728541,
        "narHash": "sha256-H9WORZU5XbgHLlxw+u83TJ7K9dyCPMYutjPoC1t0hNY=",
        "owner": "KDE",
        "repo": "breeze",
        "rev": "8f5f92db32cf485f2fbe19b59ccb2f4f46e69096",
        "type": "github"
      },
      "original": {
        "owner": "KDE",
        "ref": "v6.7.4",
        "repo": "breeze",
        "type": "github"
      }
    },
    "flake-parts": {
      "inputs": {
        "nixpkgs-lib": "nixpkgs-lib"
      },
      "locked": {
        "lastModified": 1733312601,
        "narHash": "sha256-4pDvzqnegAfRkPwO3wmwBhVi/Sye1mzps0zHWYnP88c=",
        "owner": "hercules-ci",
        "repo": "flake-parts",
        "rev": "205b12d8b7cd4802fbcb8e8ef6a0f1408781a4f9",
        "type": "github"
      },
      "original": {
        "owner": "hercules-ci",
        "repo": "flake-parts",
        "type": "github"
      }
    },
    "flake-utils": {
      "inputs": {
        "systems": "systems"
      },
      "locked": {
        "lastModified": 1731533236,
        "narHash": "sha256-l0KFg5HjrsfsO/JpG+r7fRrqm12kzFHyUHqHCVpMMbI=",
        "owner": "numtide",
        "repo": "flake-utils",
        "rev": "11707dc2f618dd54ca8739b309ec4fc024de578b",
        "type": "github"
      },
      "original": {
        "owner": "numtide",
        "ref": "main",
        "repo": "flake-utils",
        "type": "github"
      }
    },
    "nix-math": {
      "inputs": {
        "flake-parts": "flake-parts",
        "nixpkgs": [
          "nixpkgs"
        ]
      },
      "locked": {
        "lastModified": 1782186959,
        "narHash": "sha256-YWUcFge5KsiVcMeDtfbGw/A1iLmY/2ChFztelQiALSQ=",
        "owner": "xddxdd",
        "repo": "nix-math",
        "rev": "a8de20648e26d2874fc04e26683c2ae2bec6ea0e",
        "type": "github"
      },
      "original": {
        "owner": "xddxdd",
        "ref": "master",
        "repo": "nix-math",
        "type": "github"
      }
    },
    "nixpkgs": {
      "locked": {
        "lastModified": 1788295599,
        "narHash": "sha256-gC/X83ApZN28G/DrcBMfCcZALdVyw9eigf+bPK/VqgU=",
        "owner": "NixOS",
        "repo": "nixpkgs",
        "rev": "0c692bd6492361600287031610dd5747ffaba349",
        "type": "github"
      },
      "original": {
        "owner": "NixOS",
        "ref": "nixos-unstable-small",
        "repo": "nixpkgs",
        "type": "github"
      }
    },
    "nixpkgs-lib": {
      "locked": {
        "lastModified": 1733096140,
        "narHash": "sha256-1qRH7uAUsyQI7R1Uwl4T+XvdNv778H0Nb5njNrqvylY=",
        "type": "tarball",
        "url": "https://github.com/NixOS/nixpkgs/archive/5487e69da40cbd611ab2cadee0b4637225f7cfae.tar.gz"
      },
      "original": {
        "type": "tarball",
        "url": "https://github.com/NixOS/nixpkgs/archive/5487e69da40cbd611ab2cadee0b4637225f7cfae.tar.gz"
      }
    },
    "root": {
      "inputs": {
        "adw-colors": "adw-colors",
        "breeze": "breeze",
        "flake-utils": "flake-utils",
        "nix-math": "nix-math",
        "nixpkgs": "nixpkgs",
        "schemes": "schemes",
        "tinted-vscode": "tinted-vscode",
        "util-lib": "util-lib"
      }
    },
    "schemes": {
      "flake": false,
      "locked": {
        "lastModified": 1786274241,
        "narHash": "sha256-LMHxSQJIv6QJJkO9W7sAkJujlwusFf9/Ct0SYJ6GyHQ=",
        "owner": "tinted-theming",
        "repo": "schemes",
        "rev": "fdca32a0d14ec80ad83a78a9ccb85592ca6cb9e1",
        "type": "github"
      },
      "original": {
        "owner": "tinted-theming",
        "ref": "spec-0.11",
        "repo": "schemes",
        "type": "github"
      }
    },
    "systems": {
      "locked": {
        "lastModified": 1681028828,
        "narHash": "sha256-Vy1rq5AaRuLzOxct8nz4T6wlgyUR7zLU309k9mBC768=",
        "owner": "nix-systems",
        "repo": "default",
        "rev": "da67096a3b9bf56a91d16901293e51ba5b49a27e",
        "type": "github"
      },
      "original": {
        "owner": "nix-systems",
        "repo": "default",
        "type": "github"
      }
    },
    "tinted-vscode": {
      "flake": false,
      "locked": {
        "lastModified": 1786844835,
        "narHash": "sha256-o0sNp+nG6bDUc7nNohIGzJGKZ5nO1mKNwcfRCiQahyk=",
        "owner": "tinted-theming",
        "repo": "tinted-vscode",
        "rev": "31880d742a98473cc1ce77aa3308db1103c83e27",
        "type": "github"
      },
      "original": {
        "owner": "tinted-theming",
        "ref": "main",
        "repo": "tinted-vscode",
        "type": "github"
      }
    },
    "util-lib": {
      "inputs": {
        "flake-utils": [
          "flake-utils"
        ],
        "nixpkgs": [
          "nixpkgs"
        ]
      },
      "locked": {
        "path": "../util-lib",
        "type": "path"
      },
      "original": {
        "path": "../util-lib",
        "type": "path"
      },
      "parent": []
    }
  },
  "root": "root",
  "version": 7
}
